
Microsoft Visual Studio Solution File, Format Version 12.00
# Visual Studio Version 17
VisualStudioVersion = 17.0.31903.59
MinimumVisualStudioVersion = 10.0.40219.1
Project("{9A19103F-16F7-4668-BE54-9A1E7A4F7556}") = "WeekDayMapper.Domain", "WeekDayMapper.Domain\WeekDayMapper.Domain.csproj", "{2F3CE787-F5B0-4207-A0DD-63E737BB8D10}"
EndProject
Project("{9A19103F-16F7-4668-BE54-9A1E7A4F7556}") = "WeekDayMapper.Application", "WeekDayMapper.Application\WeekDayMapper.Application.csproj", "{F8768A42-F6BB-4ACC-8BC7-221BDA246035}"
EndProject
Project("{9A19103F-16F7-4668-BE54-9A1E7A4F7556}") = "WeekDayMapper.Infrastructure", "WeekDayMapper.Infrastructure\WeekDayMapper.Infrastructure.csproj", "{B6B73A59-2AD4-4EB8-A041-37044E454A80}"
EndProject
Project("{9A19103F-16F7-4668-BE54-9A1E7A4F7556}") = "WeekDayMapper.WebAPI", "WeekDayMapper.WebAPI\WeekDayMapper.WebAPI.csproj", "{1FAD5FE5-D749-46B8-A2BA-CF3D0F2B680F}"
EndProject
Project("{9A19103F-16F7-4668-BE54-9A1E7A4F7556}") = "WeekDayMapper.Tests", "WeekDayMapper.Tests\WeekDayMapper.Tests.csproj", "{E6120F3F-0870-4926-8AAC-DAED688BCA11}"
EndProject
Global
	GlobalSection(SolutionConfigurationPlatforms) = preSolution
		Debug|Any CPU = Debug|Any CPU
		Release|Any CPU = Release|Any CPU
	EndGlobalSection
	GlobalSection(ProjectConfigurationPlatforms) = postSolution
		{2F3CE787-F5B0-4207-A0DD-63E737BB8D10}.Debug|Any CPU.ActiveCfg = Debug|Any CPU
		{2F3CE787-F5B0-4207-A0DD-63E737BB8D10}.Debug|Any CPU.Build.0 = Debug|Any CPU
		{2F3CE787-F5B0-4207-A0DD-63E737BB8D10}.Release|Any CPU.ActiveCfg = Release|Any CPU
		{2F3CE787-F5B0-4207-A0DD-63E737BB8D10}.Release|Any CPU.Build.0 = Release|Any CPU
		{F8768A42-F6BB-4ACC-8BC7-221BDA246035}.Debug|Any CPU.ActiveCfg = Debug|Any CPU
		{F8768A42-F6BB-4ACC-8BC7-221BDA246035}.Debug|Any CPU.Build.0 = Debug|Any CPU
		{F8768A42-F6BB-4ACC-8BC7-221BDA246035}.Release|Any CPU.ActiveCfg = Release|Any CPU
		{F8768A42-F6BB-4ACC-8BC7-221BDA246035}.Release|Any CPU.Build.0 = Release|Any CPU
		{B6B73A59-2AD4-4EB8-A041-37044E454A80}.Debug|Any CPU.ActiveCfg = Debug|Any CPU
		{B6B73A59-2AD4-4EB8-A041-37044E454A80}.Debug|Any CPU.Build.0 = Debug|Any CPU
		{B6B73A59-2AD4-4EB8-A041-37044E454A80}.Release|Any CPU.ActiveCfg = Release|Any CPU
		{B6B73A59-2AD4-4EB8-A041-37044E454A80}.Release|Any CPU.Build.0 = Release|Any CPU
		{1FAD5FE5-D749-46B8-A2BA-CF3D0F2B680F}.Debug|Any CPU.ActiveCfg = Debug|Any CPU
		{1FAD5FE5-D749-46B8-A2BA-CF3D0F2B680F}.Debug|Any CPU.Build.0 = Debug|Any CPU
		{1FAD5FE5-D749-46B8-A2BA-CF3D0F2B680F}.Release|Any CPU.ActiveCfg = Release|Any CPU
		{1FAD5FE5-D749-46B8-A2BA-CF3D0F2B680F}.Release|Any CPU.Build.0 = Release|Any CPU
		{E6120F3F-0870-4926-8AAC-DAED688BCA11}.Debug|Any CPU.ActiveCfg = Debug|Any CPU
		{E6120F3F-0870-4926-8AAC-DAED688BCA11}.Debug|Any CPU.Build.0 = Debug|Any CPU
		{E6120F3F-0870-4926-8AAC-DAED688BCA11}.Release|Any CPU.ActiveCfg = Release|Any CPU
		{E6120F3F-0870-4926-8AAC-DAED688BCA11}.Release|Any CPU.Build.0 = Release|Any CPU
	EndGlobalSection
	GlobalSection(SolutionProperties) = preSolution
		HideSolutionNode = FALSE
	EndGlobalSection
	GlobalSection(ExtensibilityGlobals) = postSolution
		SolutionGuid = {AE015E29-2361-4D0E-B2C7-3A48724F9033}
	EndGlobalSection
EndGlobal
